Microsoft Visual Studio Solution File, Format Version 12.00
# Visual Studio 15
VisualStudioVersion = 15.0.26730.10
MinimumVisualStudioVersion = 15.0.26124.0
Project("{2150E333-8FDC-42A3-9474-1A3956D46DE8}") = "src", "src", "{BA3972D7-72E8-458F-A918-F5B4734107AA}"
EndProject
Project("{9A19103F-16F7-4668-BE54-9A1E7A4F7556}") = "Mailer.Api", "src\Mailer.Api\Mailer.Api.csproj", "{484684C5-485E-486D-A424-BEC73A2FD674}"
EndProject
Project("{9A19103F-16F7-4668-BE54-9A1E7A4F7556}") = "Mailer.Core", "src\Mailer.Core\Mailer.Core.csproj", "{B6E0319A-6692-420B-9E47-3F592481E412}"
EndProject
Global
	GlobalSection(SolutionConfigurationPlatforms) = preSolution
		Debug|Any CPU = Debug|Any CPU
		Debug|x64 = Debug|x64
		Debug|x86 = Debug|x86
		Release|Any CPU = Release|Any CPU
		Release|x64 = Release|x64
		Release|x86 = Release|x86
	EndGlobalSection
	GlobalSection(ProjectConfigurationPlatforms) = postSolution
		{484684C5-485E-486D-A424-BEC73A2FD674}.Debug|Any CPU.ActiveCfg = Debug|Any CPU
		{484684C5-485E-486D-A424-BEC73A2FD674}.Debug|Any CPU.Build.0 = Debug|Any CPU
		{484684C5-485E-486D-A424-BEC73A2FD674}.Debug|x64.ActiveCfg = Debug|Any CPU
		{484684C5-485E-486D-A424-BEC73A2FD674}.Debug|x64.Build.0 = Debug|Any CPU
		{484684C5-485E-486D-A424-BEC73A2FD674}.Debug|x86.ActiveCfg = Debug|Any CPU
		{484684C5-485E-486D-A424-BEC73A2FD674}.Debug|x86.Build.0 = Debug|Any CPU
		{484684C5-485E-486D-A424-BEC73A2FD674}.Release|Any CPU.ActiveCfg = Release|Any CPU
		{484684C5-485E-486D-A424-BEC73A2FD674}.Release|Any CPU.Build.0 = Release|Any CPU
		{484684C5-485E-486D-A424-BEC73A2FD674}.Release|x64.ActiveCfg = Release|Any CPU
		{484684C5-485E-486D-A424-BEC73A2FD674}.Release|x64.Build.0 = Release|Any CPU
		{484684C5-485E-486D-A424-BEC73A2FD674}.Release|x86.ActiveCfg = Release|Any CPU
		{484684C5-485E-486D-A424-BEC73A2FD674}.Release|x86.Build.0 = Release|Any CPU
		{B6E0319A-6692-420B-9E47-3F592481E412}.Debug|Any CPU.ActiveCfg = Debug|Any CPU
		{B6E0319A-6692-420B-9E47-3F592481E412}.Debug|Any CPU.Build.0 = Debug|Any CPU
		{B6E0319A-6692-420B-9E47-3F592481E412}.Debug|x64.ActiveCfg = Debug|Any CPU
		{B6E0319A-6692-420B-9E47-3F592481E412}.Debug|x64.Build.0 = Debug|Any CPU
		{B6E0319A-6692-420B-9E47-3F592481E412}.Debug|x86.ActiveCfg = Debug|Any CPU
		{B6E0319A-6692-420B-9E47-3F592481E412}.Debug|x86.Build.0 = Debug|Any CPU
		{B6E0319A-6692-420B-9E47-3F592481E412}.Release|Any CPU.ActiveCfg = Release|Any CPU
		{B6E0319A-6692-420B-9E47-3F592481E412}.Release|Any CPU.Build.0 = Release|Any CPU
		{B6E0319A-6692-420B-9E47-3F592481E412}.Release|x64.ActiveCfg = Release|Any CPU
		{B6E0319A-6692-420B-9E47-3F592481E412}.Release|x64.Build.0 = Release|Any CPU
		{B6E0319A-6692-420B-9E47-3F592481E412}.Release|x86.ActiveCfg = Release|Any CPU
		{B6E0319A-6692-420B-9E47-3F592481E412}.Release|x86.Build.0 = Release|Any CPU
	EndGlobalSection
	GlobalSection(SolutionProperties) = preSolution
		HideSolutionNode = FALSE
	EndGlobalSection
	GlobalSection(NestedProjects) = preSolution
		{484684C5-485E-486D-A424-BEC73A2FD674} = {BA3972D7-72E8-458F-A918-F5B4734107AA}
		{B6E0319A-6692-420B-9E47-3F592481E412} = {BA3972D7-72E8-458F-A918-F5B4734107AA}
	EndGlobalSection
	GlobalSection(ExtensibilityGlobals) = postSolution
		SolutionGuid = {C7D2F58B-9F11-4DD0-86DA-D937D2CFA90D}
	EndGlobalSection
EndGlobal
